<Solution>
  <Project Path="UrlShortener/UrlShortener.csproj" />
  <Project Path="CSharpFundamentals/CSharpFundamentals.csproj" />
  <Project Path="LeetCodeFundamentals/LeetCodeFundamentals.csproj" />
  <Project Path="LRUCache/LRUCache.csproj" />
  <Project Path="RateLimiter/RateLimiter.csproj" />
  <Project Path="RecipeStore/RecipeStore.csproj" />
  <Project Path="TaskScheduler/TaskScheduler.csproj" />
</Solution>
