<Solution>
  <Project Path="UnitTests/UnitTests.csproj" />
  <Project Path="UrlShortener/UrlShortener.csproj" />
  <Project Path="CSharpFundamentals/CSharpFundamentals.csproj" />
  <Project Path="LeetCodeFundamentals/LeetCodeFundamentals.csproj" />
  <Project Path="LRUCache/LRUCache.csproj" />
  <Project Path="OrderService/OrderService.csproj" />
  <Project Path="RateLimiter/RateLimiter.csproj" />
  <Project Path="RecipeStore/RecipeStore.csproj" />
  <Project Path="simpleApiReview/simpleApiReview.csproj" />
  <Project Path="TasksAndThreadsReview/TasksAndThreadsReview.csproj" />
  <Project Path="TaskScheduler/TaskScheduler.csproj" />
  <Project Path="TicTacToeCli/TicTacToeCli.csproj" />
</Solution>
